// !$*UTF8*$!
{
	archiveVersion = 1;
	classes = {
	};
	objectVersion = 56;
	objects = {

/* Begin PBXBuildFile section */
		840F32D929875F3E00A1C689 /* AppDelegate.swift in Sources */ = {isa = PBXBuildFile; fileRef = 840F32D829875F3E00A1C689 /* AppDelegate.swift */; };
		840F32DB29875F3E00A1C689 /* SceneDelegate.swift in Sources */ = {isa = PBXBuildFile; fileRef = 840F32DA29875F3E00A1C689 /* SceneDelegate.swift */; };
		840F32DD29875F3F00A1C689 /* RMTabViewController.swift in Sources */ = {isa = PBXBuildFile; fileRef = 840F32DC29875F3E00A1C689 /* RMTabViewController.swift */; };
		840F32E229875F4100A1C689 /* Assets.xcassets in Resources */ = {isa = PBXBuildFile; fileRef = 840F32E129875F4100A1C689 /* Assets.xcassets */; };
		840F32E529875F4100A1C689 /* LaunchScreen.storyboard in Resources */ = {isa = PBXBuildFile; fileRef = 840F32E329875F4100A1C689 /* LaunchScreen.storyboard */; };
		840F32F42987665A00A1C689 /* RMLocation.swift in Sources */ = {isa = PBXBuildFile; fileRef = 840F32F32987665A00A1C689 /* RMLocation.swift */; };
		840F32F62987668000A1C689 /* RMCharacter.swift in Sources */ = {isa = PBXBuildFile; fileRef = 840F32F52987668000A1C689 /* RMCharacter.swift */; };
		840F32F82987669300A1C689 /* RMEpisode.swift in Sources */ = {isa = PBXBuildFile; fileRef = 840F32F72987669300A1C689 /* RMEpisode.swift */; };
		840F32FB2987679600A1C689 /* RMCharacterViewController.swift in Sources */ = {isa = PBXBuildFile; fileRef = 840F32FA2987679600A1C689 /* RMCharacterViewController.swift */; };
		840F32FD298767A200A1C689 /* RMLocationViewController.swift in Sources */ = {isa = PBXBuildFile; fileRef = 840F32FC298767A200A1C689 /* RMLocationViewController.swift */; };
		840F32FF298767B400A1C689 /* RMEpisodeViewController.swift in Sources */ = {isa = PBXBuildFile; fileRef = 840F32FE298767B400A1C689 /* RMEpisodeViewController.swift */; };
		840F3301298767C100A1C689 /* RMSettingsViewController.swift in Sources */ = {isa = PBXBuildFile; fileRef = 840F3300298767C100A1C689 /* RMSettingsViewController.swift */; };
		840F33032987759D00A1C689 /* RMService.swift in Sources */ = {isa = PBXBuildFile; fileRef = 840F33022987759D00A1C689 /* RMService.swift */; };
		840F3305298775BC00A1C689 /* RMRequest.swift in Sources */ = {isa = PBXBuildFile; fileRef = 840F3304298775BC00A1C689 /* RMRequest.swift */; };
		840F33072987773500A1C689 /* RMEndpoint.swift in Sources */ = {isa = PBXBuildFile; fileRef = 840F33062987773500A1C689 /* RMEndpoint.swift */; };
		840F330929877D2E00A1C689 /* RMOrigin.swift in Sources */ = {isa = PBXBuildFile; fileRef = 840F330829877D2E00A1C689 /* RMOrigin.swift */; };
		840F330B29877D8800A1C689 /* RMSingleLocation.swift in Sources */ = {isa = PBXBuildFile; fileRef = 840F330A29877D8800A1C689 /* RMSingleLocation.swift */; };
		840F330D29877FF300A1C689 /* RMCharacterStatus.swift in Sources */ = {isa = PBXBuildFile; fileRef = 840F330C29877FF300A1C689 /* RMCharacterStatus.swift */; };
		840F330F2987A5F600A1C689 /* RMCharacterGender.swift in Sources */ = {isa = PBXBuildFile; fileRef = 840F330E2987A5F600A1C689 /* RMCharacterGender.swift */; };
		840F33132987B64600A1C689 /* RMGetAllCharactersResponse.swift in Sources */ = {isa = PBXBuildFile; fileRef = 840F33122987B64600A1C689 /* RMGetAllCharactersResponse.swift */; };
		840F33152987BB1500A1C689 /* RMCharacterListViewViewModel.swift in Sources */ = {isa = PBXBuildFile; fileRef = 840F33142987BB1500A1C689 /* RMCharacterListViewViewModel.swift */; };
		840F33172987BC8300A1C689 /* RMCharacterListView.swift in Sources */ = {isa = PBXBuildFile; fileRef = 840F33162987BC8300A1C689 /* RMCharacterListView.swift */; };
		840F33192987C56100A1C689 /* Extensions.swift in Sources */ = {isa = PBXBuildFile; fileRef = 840F33182987C56100A1C689 /* Extensions.swift */; };
		840F331B2988B31000A1C689 /* RMCharacterCollectionViewCell.swift in Sources */ = {isa = PBXBuildFile; fileRef = 840F331A2988B31000A1C689 /* RMCharacterCollectionViewCell.swift */; };
		840F331D2988B46500A1C689 /* RMCharacterCollectionViewCellViewModel.swift in Sources */ = {isa = PBXBuildFile; fileRef = 840F331C2988B46500A1C689 /* RMCharacterCollectionViewCellViewModel.swift */; };
		840F33202988CC7F00A1C689 /* RMCharacterDetailViewController.swift in Sources */ = {isa = PBXBuildFile; fileRef = 840F331F2988CC7F00A1C689 /* RMCharacterDetailViewController.swift */; };
		840F33222988CE1F00A1C689 /* RMCharacterDetailView.swift in Sources */ = {isa = PBXBuildFile; fileRef = 840F33212988CE1F00A1C689 /* RMCharacterDetailView.swift */; };
		840F33242988CEAE00A1C689 /* RMCharacterDetailViewViewModel.swift in Sources */ = {isa = PBXBuildFile; fileRef = 840F33232988CEAE00A1C689 /* RMCharacterDetailViewViewModel.swift */; };
		840F33262989003900A1C689 /* RMFooterLoadingCollectionReusableView.swift in Sources */ = {isa = PBXBuildFile; fileRef = 840F33252989003800A1C689 /* RMFooterLoadingCollectionReusableView.swift */; };
		840F3328298A067900A1C689 /* RMImageLoader.swift in Sources */ = {isa = PBXBuildFile; fileRef = 840F3327298A067900A1C689 /* RMImageLoader.swift */; };
		840F332C298A5F4D00A1C689 /* RMCharacterPhotoCollectionViewCell.swift in Sources */ = {isa = PBXBuildFile; fileRef = 840F332B298A5F4D00A1C689 /* RMCharacterPhotoCollectionViewCell.swift */; };
		840F332E298A5F5E00A1C689 /* RMCharacterInfoCollectionViewCell.swift in Sources */ = {isa = PBXBuildFile; fileRef = 840F332D298A5F5E00A1C689 /* RMCharacterInfoCollectionViewCell.swift */; };
		840F3330298A5F6F00A1C689 /* RMCharacterEpisodeCollectionViewCell.swift in Sources */ = {isa = PBXBuildFile; fileRef = 840F332F298A5F6F00A1C689 /* RMCharacterEpisodeCollectionViewCell.swift */; };
		840F3333298A5FB800A1C689 /* RMCharacterPhotoCollectionViewCellViewModel.swift in Sources */ = {isa = PBXBuildFile; fileRef = 840F3332298A5FB800A1C689 /* RMCharacterPhotoCollectionViewCellViewModel.swift */; };
		840F3335298A5FC900A1C689 /* RMCharacterInfoCollectionViewCellViewModel.swift in Sources */ = {isa = PBXBuildFile; fileRef = 840F3334298A5FC900A1C689 /* RMCharacterInfoCollectionViewCellViewModel.swift */; };
		840F3337298A5FD600A1C689 /* RMCharacterEpisodeCollectionViewCellViewModel.swift in Sources */ = {isa = PBXBuildFile; fileRef = 840F3336298A5FD600A1C689 /* RMCharacterEpisodeCollectionViewCellViewModel.swift */; };
		84AFDC61298BAC66000F594B /* RMEpisodeDetailViewController.swift in Sources */ = {isa = PBXBuildFile; fileRef = 84AFDC60298BAC66000F594B /* RMEpisodeDetailViewController.swift */; };
		84AFDC63298BAF73000F594B /* RMAPICacheManager.swift in Sources */ = {isa = PBXBuildFile; fileRef = 84AFDC62298BAF73000F594B /* RMAPICacheManager.swift */; };
		84AFDC65298BB50E000F594B /* RMEpisodeDetailViewViewModel.swift in Sources */ = {isa = PBXBuildFile; fileRef = 84AFDC64298BB50E000F594B /* RMEpisodeDetailViewViewModel.swift */; };
		84AFDC67298BB583000F594B /* RMEpisodeDetailView.swift in Sources */ = {isa = PBXBuildFile; fileRef = 84AFDC66298BB583000F594B /* RMEpisodeDetailView.swift */; };
/* End PBXBuildFile section */

/* Begin PBXFileReference section */
		840F32D529875F3E00A1C689 /* RickAndMorty.app */ = {isa = PBXFileReference; explicitFileType = wrapper.application; includeInIndex = 0; path = RickAndMorty.app; sourceTree = BUILT_PRODUCTS_DIR; };
		840F32D829875F3E00A1C689 /* AppDelegate.swift */ = {isa = PBXFileReference; lastKnownFileType = sourcecode.swift; path = AppDelegate.swift; sourceTree = "<group>"; };
		840F32DA29875F3E00A1C689 /* SceneDelegate.swift */ = {isa = PBXFileReference; lastKnownFileType = sourcecode.swift; path = SceneDelegate.swift; sourceTree = "<group>"; };
		840F32DC29875F3E00A1C689 /* RMTabViewController.swift */ = {isa = PBXFileReference; lastKnownFileType = sourcecode.swift; path = RMTabViewController.swift; sourceTree = "<group>"; };
		840F32E129875F4100A1C689 /* Assets.xcassets */ = {isa = PBXFileReference; lastKnownFileType = folder.assetcatalog; path = Assets.xcassets; sourceTree = "<group>"; };
		840F32E429875F4100A1C689 /* Base */ = {isa = PBXFileReference; lastKnownFileType = file.storyboard; name = Base; path = Base.lproj/LaunchScreen.storyboard; sourceTree = "<group>"; };
		840F32E629875F4100A1C689 /* Info.plist */ = {isa = PBXFileReference; lastKnownFileType = text.plist.xml; path = Info.plist; sourceTree = "<group>"; };
		840F32F32987665A00A1C689 /* RMLocation.swift */ = {isa = PBXFileReference; lastKnownFileType = sourcecode.swift; path = RMLocation.swift; sourceTree = "<group>"; };
		840F32F52987668000A1C689 /* RMCharacter.swift */ = {isa = PBXFileReference; lastKnownFileType = sourcecode.swift; path = RMCharacter.swift; sourceTree = "<group>"; };
		840F32F72987669300A1C689 /* RMEpisode.swift */ = {isa = PBXFileReference; lastKnownFileType = sourcecode.swift; path = RMEpisode.swift; sourceTree = "<group>"; };
		840F32FA2987679600A1C689 /* RMCharacterViewController.swift */ = {isa = PBXFileReference; lastKnownFileType = sourcecode.swift; path = RMCharacterViewController.swift; sourceTree = "<group>"; };
		840F32FC298767A200A1C689 /* RMLocationViewController.swift */ = {isa = PBXFileReference; lastKnownFileType = sourcecode.swift; path = RMLocationViewController.swift; sourceTree = "<group>"; };
		840F32FE298767B400A1C689 /* RMEpisodeViewController.swift */ = {isa = PBXFileReference; lastKnownFileType = sourcecode.swift; path = RMEpisodeViewController.swift; sourceTree = "<group>"; };
		840F3300298767C100A1C689 /* RMSettingsViewController.swift */ = {isa = PBXFileReference; lastKnownFileType = sourcecode.swift; path = RMSettingsViewController.swift; sourceTree = "<group>"; };
		840F33022987759D00A1C689 /* RMService.swift */ = {isa = PBXFileReference; lastKnownFileType = sourcecode.swift; path = RMService.swift; sourceTree = "<group>"; };
		840F3304298775BC00A1C689 /* RMRequest.swift */ = {isa = PBXFileReference; lastKnownFileType = sourcecode.swift; path = RMRequest.swift; sourceTree = "<group>"; };
		840F33062987773500A1C689 /* RMEndpoint.swift */ = {isa = PBXFileReference; lastKnownFileType = sourcecode.swift; path = RMEndpoint.swift; sourceTree = "<group>"; };
		840F330829877D2E00A1C689 /* RMOrigin.swift */ = {isa = PBXFileReference; lastKnownFileType = sourcecode.swift; path = RMOrigin.swift; sourceTree = "<group>"; };
		840F330A29877D8800A1C689 /* RMSingleLocation.swift */ = {isa = PBXFileReference; lastKnownFileType = sourcecode.swift; path = RMSingleLocation.swift; sourceTree = "<group>"; };
		840F330C29877FF300A1C689 /* RMCharacterStatus.swift */ = {isa = PBXFileReference; lastKnownFileType = sourcecode.swift; path = RMCharacterStatus.swift; sourceTree = "<group>"; };
		840F330E2987A5F600A1C689 /* RMCharacterGender.swift */ = {isa = PBXFileReference; lastKnownFileType = sourcecode.swift; path = RMCharacterGender.swift; sourceTree = "<group>"; };
		840F33122987B64600A1C689 /* RMGetAllCharactersResponse.swift */ = {isa = PBXFileReference; lastKnownFileType = sourcecode.swift; path = RMGetAllCharactersResponse.swift; sourceTree = "<group>"; };
		840F33142987BB1500A1C689 /* RMCharacterListViewViewModel.swift */ = {isa = PBXFileReference; lastKnownFileType = sourcecode.swift; path = RMCharacterListViewViewModel.swift; sourceTree = "<group>"; };
		840F33162987BC8300A1C689 /* RMCharacterListView.swift */ = {isa = PBXFileReference; lastKnownFileType = sourcecode.swift; path = RMCharacterListView.swift; sourceTree = "<group>"; };
		840F33182987C56100A1C689 /* Extensions.swift */ = {isa = PBXFileReference; lastKnownFileType = sourcecode.swift; path = Extensions.swift; sourceTree = "<group>"; };
		840F331A2988B31000A1C689 /* RMCharacterCollectionViewCell.swift */ = {isa = PBXFileReference; lastKnownFileType = sourcecode.swift; path = RMCharacterCollectionViewCell.swift; sourceTree = "<group>"; };
		840F331C2988B46500A1C689 /* RMCharacterCollectionViewCellViewModel.swift */ = {isa = PBXFileReference; lastKnownFileType = sourcecode.swift; path = RMCharacterCollectionViewCellViewModel.swift; sourceTree = "<group>"; };
		840F331F2988CC7F00A1C689 /* RMCharacterDetailViewController.swift */ = {isa = PBXFileReference; lastKnownFileType = sourcecode.swift; path = RMCharacterDetailViewController.swift; sourceTree = "<group>"; };
		840F33212988CE1F00A1C689 /* RMCharacterDetailView.swift */ = {isa = PBXFileReference; lastKnownFileType = sourcecode.swift; path = RMCharacterDetailView.swift; sourceTree = "<group>"; };
		840F33232988CEAE00A1C689 /* RMCharacterDetailViewViewModel.swift */ = {isa = PBXFileReference; lastKnownFileType = sourcecode.swift; path = RMCharacterDetailViewViewModel.swift; sourceTree = "<group>"; };
		840F33252989003800A1C689 /* RMFooterLoadingCollectionReusableView.swift */ = {isa = PBXFileReference; lastKnownFileType = sourcecode.swift; path = RMFooterLoadingCollectionReusableView.swift; sourceTree = "<group>"; };
		840F3327298A067900A1C689 /* RMImageLoader.swift */ = {isa = PBXFileReference; lastKnownFileType = sourcecode.swift; path = RMImageLoader.swift; sourceTree = "<group>"; };
		840F332B298A5F4D00A1C689 /* RMCharacterPhotoCollectionViewCell.swift */ = {isa = PBXFileReference; lastKnownFileType = sourcecode.swift; path = RMCharacterPhotoCollectionViewCell.swift; sourceTree = "<group>"; };
		840F332D298A5F5E00A1C689 /* RMCharacterInfoCollectionViewCell.swift */ = {isa = PBXFileReference; lastKnownFileType = sourcecode.swift; path = RMCharacterInfoCollectionViewCell.swift; sourceTree = "<group>"; };
		840F332F298A5F6F00A1C689 /* RMCharacterEpisodeCollectionViewCell.swift */ = {isa = PBXFileReference; lastKnownFileType = sourcecode.swift; path = RMCharacterEpisodeCollectionViewCell.swift; sourceTree = "<group>"; };
		840F3332298A5FB800A1C689 /* RMCharacterPhotoCollectionViewCellViewModel.swift */ = {isa = PBXFileReference; lastKnownFileType = sourcecode.swift; path = RMCharacterPhotoCollectionViewCellViewModel.swift; sourceTree = "<group>"; };
		840F3334298A5FC900A1C689 /* RMCharacterInfoCollectionViewCellViewModel.swift */ = {isa = PBXFileReference; lastKnownFileType = sourcecode.swift; path = RMCharacterInfoCollectionViewCellViewModel.swift; sourceTree = "<group>"; };
		840F3336298A5FD600A1C689 /* RMCharacterEpisodeCollectionViewCellViewModel.swift */ = {isa = PBXFileReference; lastKnownFileType = sourcecode.swift; path = RMCharacterEpisodeCollectionViewCellViewModel.swift; sourceTree = "<group>"; };
		84AFDC60298BAC66000F594B /* RMEpisodeDetailViewController.swift */ = {isa = PBXFileReference; lastKnownFileType = sourcecode.swift; path = RMEpisodeDetailViewController.swift; sourceTree = "<group>"; };
		84AFDC62298BAF73000F594B /* RMAPICacheManager.swift */ = {isa = PBXFileReference; lastKnownFileType = sourcecode.swift; path = RMAPICacheManager.swift; sourceTree = "<group>"; };
		84AFDC64298BB50E000F594B /* RMEpisodeDetailViewViewModel.swift */ = {isa = PBXFileReference; lastKnownFileType = sourcecode.swift; path = RMEpisodeDetailViewViewModel.swift; sourceTree = "<group>"; };
		84AFDC66298BB583000F594B /* RMEpisodeDetailView.swift */ = {isa = PBXFileReference; lastKnownFileType = sourcecode.swift; path = RMEpisodeDetailView.swift; sourceTree = "<group>"; };
/* End PBXFileReference section */

/* Begin PBXFrameworksBuildPhase section */
		840F32D229875F3E00A1C689 /* Frameworks */ = {
			isa = PBXFrameworksBuildPhase;
			buildActionMask = 2147483647;
			files = (
			);
			runOnlyForDeploymentPostprocessing = 0;
		};
/* End PBXFrameworksBuildPhase section */

/* Begin PBXGroup section */
		840F32CC29875F3E00A1C689 = {
			isa = PBXGroup;
			children = (
				840F32D729875F3E00A1C689 /* RickAndMorty */,
				840F32D629875F3E00A1C689 /* Products */,
			);
			sourceTree = "<group>";
		};
		840F32D629875F3E00A1C689 /* Products */ = {
			isa = PBXGroup;
			children = (
				840F32D529875F3E00A1C689 /* RickAndMorty.app */,
			);
			name = Products;
			sourceTree = "<group>";
		};
		840F32D729875F3E00A1C689 /* RickAndMorty */ = {
			isa = PBXGroup;
			children = (
				840F32F2298765D100A1C689 /* APIClient */,
				840F32F1298765BE00A1C689 /* Resources */,
				840F32F0298765A800A1C689 /* Managers */,
				840F32EF298764EC00A1C689 /* Controllers */,
				840F32EE298764E400A1C689 /* Models */,
				840F32ED298764DF00A1C689 /* Views */,
				840F32EC298764D300A1C689 /* ViewModels */,
				840F32E629875F4100A1C689 /* Info.plist */,
			);
			path = RickAndMorty;
			sourceTree = "<group>";
		};
		840F32EC298764D300A1C689 /* ViewModels */ = {
			isa = PBXGroup;
			children = (
				840F3331298A5F8900A1C689 /* CharacterDetail */,
				840F33142987BB1500A1C689 /* RMCharacterListViewViewModel.swift */,
				840F331C2988B46500A1C689 /* RMCharacterCollectionViewCellViewModel.swift */,
				84AFDC64298BB50E000F594B /* RMEpisodeDetailViewViewModel.swift */,
			);
			path = ViewModels;
			sourceTree = "<group>";
		};
		840F32ED298764DF00A1C689 /* Views */ = {
			isa = PBXGroup;
			children = (
				840F3329298A5EE800A1C689 /* CharacterDetails */,
				840F332A298A5F1000A1C689 /* Character */,
				840F33252989003800A1C689 /* RMFooterLoadingCollectionReusableView.swift */,
				84AFDC66298BB583000F594B /* RMEpisodeDetailView.swift */,
			);
			path = Views;
			sourceTree = "<group>";
		};
		840F32EE298764E400A1C689 /* Models */ = {
			isa = PBXGroup;
			children = (
				840F33112987B61700A1C689 /* APIResponseTypes */,
				840F33102987B60300A1C689 /* DataTypes */,
			);
			path = Models;
			sourceTree = "<group>";
		};
		840F32EF298764EC00A1C689 /* Controllers */ = {
			isa = PBXGroup;
			children = (
				840F331E2988CC5F00A1C689 /* Other */,
				840F32F92987675200A1C689 /* Core */,
			);
			path = Controllers;
			sourceTree = "<group>";
		};
		840F32F0298765A800A1C689 /* Managers */ = {
			isa = PBXGroup;
			children = (
				840F3327298A067900A1C689 /* RMImageLoader.swift */,
				84AFDC62298BAF73000F594B /* RMAPICacheManager.swift */,
			);
			path = Managers;
			sourceTree = "<group>";
		};
		840F32F1298765BE00A1C689 /* Resources */ = {
			isa = PBXGroup;
			children = (
				840F32E129875F4100A1C689 /* Assets.xcassets */,
				840F32E329875F4100A1C689 /* LaunchScreen.storyboard */,
				840F32D829875F3E00A1C689 /* AppDelegate.swift */,
				840F32DA29875F3E00A1C689 /* SceneDelegate.swift */,
				840F33182987C56100A1C689 /* Extensions.swift */,
			);
			path = Resources;
			sourceTree = "<group>";
		};
		840F32F2298765D100A1C689 /* APIClient */ = {
			isa = PBXGroup;
			children = (
				840F33022987759D00A1C689 /* RMService.swift */,
				840F3304298775BC00A1C689 /* RMRequest.swift */,
				840F33062987773500A1C689 /* RMEndpoint.swift */,
			);
			path = APIClient;
			sourceTree = "<group>";
		};
		840F32F92987675200A1C689 /* Core */ = {
			isa = PBXGroup;
			children = (
				840F32DC29875F3E00A1C689 /* RMTabViewController.swift */,
				840F32FA2987679600A1C689 /* RMCharacterViewController.swift */,
				840F32FC298767A200A1C689 /* RMLocationViewController.swift */,
				840F32FE298767B400A1C689 /* RMEpisodeViewController.swift */,
				840F3300298767C100A1C689 /* RMSettingsViewController.swift */,
			);
			path = Core;
			sourceTree = "<group>";
		};
		840F33102987B60300A1C689 /* DataTypes */ = {
			isa = PBXGroup;
			children = (
				840F32F32987665A00A1C689 /* RMLocation.swift */,
				840F32F52987668000A1C689 /* RMCharacter.swift */,
				840F32F72987669300A1C689 /* RMEpisode.swift */,
				840F330829877D2E00A1C689 /* RMOrigin.swift */,
				840F330A29877D8800A1C689 /* RMSingleLocation.swift */,
				840F330C29877FF300A1C689 /* RMCharacterStatus.swift */,
				840F330E2987A5F600A1C689 /* RMCharacterGender.swift */,
			);
			path = DataTypes;
			sourceTree = "<group>";
		};
		840F33112987B61700A1C689 /* APIResponseTypes */ = {
			isa = PBXGroup;
			children = (
				840F33122987B64600A1C689 /* RMGetAllCharactersResponse.swift */,
			);
			path = APIResponseTypes;
			sourceTree = "<group>";
		};
		840F331E2988CC5F00A1C689 /* Other */ = {
			isa = PBXGroup;
			children = (
				840F331F2988CC7F00A1C689 /* RMCharacterDetailViewController.swift */,
				84AFDC60298BAC66000F594B /* RMEpisodeDetailViewController.swift */,
			);
			path = Other;
			sourceTree = "<group>";
		};
		840F3329298A5EE800A1C689 /* CharacterDetails */ = {
			isa = PBXGroup;
			children = (
				840F33212988CE1F00A1C689 /* RMCharacterDetailView.swift */,
				840F332B298A5F4D00A1C689 /* RMCharacterPhotoCollectionViewCell.swift */,
				840F332D298A5F5E00A1C689 /* RMCharacterInfoCollectionViewCell.swift */,
				840F332F298A5F6F00A1C689 /* RMCharacterEpisodeCollectionViewCell.swift */,
			);
			path = CharacterDetails;
			sourceTree = "<group>";
		};
		840F332A298A5F1000A1C689 /* Character */ = {
			isa = PBXGroup;
			children = (
				840F33162987BC8300A1C689 /* RMCharacterListView.swift */,
				840F331A2988B31000A1C689 /* RMCharacterCollectionViewCell.swift */,
			);
			path = Character;
			sourceTree = "<group>";
		};
		840F3331298A5F8900A1C689 /* CharacterDetail */ = {
			isa = PBXGroup;
			children = (
				840F33232988CEAE00A1C689 /* RMCharacterDetailViewViewModel.swift */,
				840F3332298A5FB800A1C689 /* RMCharacterPhotoCollectionViewCellViewModel.swift */,
				840F3334298A5FC900A1C689 /* RMCharacterInfoCollectionViewCellViewModel.swift */,
				840F3336298A5FD600A1C689 /* RMCharacterEpisodeCollectionViewCellViewModel.swift */,
			);
			path = CharacterDetail;
			sourceTree = "<group>";
		};
/* End PBXGroup section */

/* Begin PBXNativeTarget section */
		840F32D429875F3E00A1C689 /* RickAndMorty */ = {
			isa = PBXNativeTarget;
			buildConfigurationList = 840F32E929875F4100A1C689 /* Build configuration list for PBXNativeTarget "RickAndMorty" */;
			buildPhases = (
				840F32D129875F3E00A1C689 /* Sources */,
				840F32D229875F3E00A1C689 /* Frameworks */,
				840F32D329875F3E00A1C689 /* Resources */,
			);
			buildRules = (
			);
			dependencies = (
			);
			name = RickAndMorty;
			productName = RickAndMorty;
			productReference = 840F32D529875F3E00A1C689 /* RickAndMorty.app */;
			productType = "com.apple.product-type.application";
		};
/* End PBXNativeTarget section */

/* Begin PBXProject section */
		840F32CD29875F3E00A1C689 /* Project object */ = {
			isa = PBXProject;
			attributes = {
				BuildIndependentTargetsInParallel = 1;
				LastSwiftUpdateCheck = 1420;
				LastUpgradeCheck = 1420;
				TargetAttributes = {
					840F32D429875F3E00A1C689 = {
						CreatedOnToolsVersion = 14.2;
					};
				};
			};
			buildConfigurationList = 840F32D029875F3E00A1C689 /* Build configuration list for PBXProject "RickAndMorty" */;
			compatibilityVersion = "Xcode 14.0";
			developmentRegion = en;
			hasScannedForEncodings = 0;
			knownRegions = (
				en,
				Base,
			);
			mainGroup = 840F32CC29875F3E00A1C689;
			productRefGroup = 840F32D629875F3E00A1C689 /* Products */;
			projectDirPath = "";
			projectRoot = "";
			targets = (
				840F32D429875F3E00A1C689 /* RickAndMorty */,
			);
		};
/* End PBXProject section */

/* Begin PBXResourcesBuildPhase section */
		840F32D329875F3E00A1C689 /* Resources */ = {
			isa = PBXResourcesBuildPhase;
			buildActionMask = 2147483647;
			files = (
				840F32E529875F4100A1C689 /* LaunchScreen.storyboard in Resources */,
				840F32E229875F4100A1C689 /* Assets.xcassets in Resources */,
			);
			runOnlyForDeploymentPostprocessing = 0;
		};
/* End PBXResourcesBuildPhase section */

/* Begin PBXSourcesBuildPhase section */
		840F32D129875F3E00A1C689 /* Sources */ = {
			isa = PBXSourcesBuildPhase;
			buildActionMask = 2147483647;
			files = (
				840F330929877D2E00A1C689 /* RMOrigin.swift in Sources */,
				840F33242988CEAE00A1C689 /* RMCharacterDetailViewViewModel.swift in Sources */,
				840F330B29877D8800A1C689 /* RMSingleLocation.swift in Sources */,
				840F33172987BC8300A1C689 /* RMCharacterListView.swift in Sources */,
				840F33132987B64600A1C689 /* RMGetAllCharactersResponse.swift in Sources */,
				840F330D29877FF300A1C689 /* RMCharacterStatus.swift in Sources */,
				840F330F2987A5F600A1C689 /* RMCharacterGender.swift in Sources */,
				840F33202988CC7F00A1C689 /* RMCharacterDetailViewController.swift in Sources */,
				840F33262989003900A1C689 /* RMFooterLoadingCollectionReusableView.swift in Sources */,
				840F32FD298767A200A1C689 /* RMLocationViewController.swift in Sources */,
				840F32F82987669300A1C689 /* RMEpisode.swift in Sources */,
				840F332E298A5F5E00A1C689 /* RMCharacterInfoCollectionViewCell.swift in Sources */,
				840F32DD29875F3F00A1C689 /* RMTabViewController.swift in Sources */,
				840F331B2988B31000A1C689 /* RMCharacterCollectionViewCell.swift in Sources */,
				840F3335298A5FC900A1C689 /* RMCharacterInfoCollectionViewCellViewModel.swift in Sources */,
				840F32FF298767B400A1C689 /* RMEpisodeViewController.swift in Sources */,
				840F3328298A067900A1C689 /* RMImageLoader.swift in Sources */,
				840F32D929875F3E00A1C689 /* AppDelegate.swift in Sources */,
				840F32DB29875F3E00A1C689 /* SceneDelegate.swift in Sources */,
				840F332C298A5F4D00A1C689 /* RMCharacterPhotoCollectionViewCell.swift in Sources */,
				840F3337298A5FD600A1C689 /* RMCharacterEpisodeCollectionViewCellViewModel.swift in Sources */,
				840F3301298767C100A1C689 /* RMSettingsViewController.swift in Sources */,
				840F33192987C56100A1C689 /* Extensions.swift in Sources */,
				840F3333298A5FB800A1C689 /* RMCharacterPhotoCollectionViewCellViewModel.swift in Sources */,
				840F33032987759D00A1C689 /* RMService.swift in Sources */,
				840F32F42987665A00A1C689 /* RMLocation.swift in Sources */,
				840F33072987773500A1C689 /* RMEndpoint.swift in Sources */,
				84AFDC61298BAC66000F594B /* RMEpisodeDetailViewController.swift in Sources */,
				84AFDC67298BB583000F594B /* RMEpisodeDetailView.swift in Sources */,
				840F32F62987668000A1C689 /* RMCharacter.swift in Sources */,
				840F331D2988B46500A1C689 /* RMCharacterCollectionViewCellViewModel.swift in Sources */,
				840F3305298775BC00A1C689 /* RMRequest.swift in Sources */,
				840F33152987BB1500A1C689 /* RMCharacterListViewViewModel.swift in Sources */,
				840F3330298A5F6F00A1C689 /* RMCharacterEpisodeCollectionViewCell.swift in Sources */,
				840F32FB2987679600A1C689 /* RMCharacterViewController.swift in Sources */,
				84AFDC63298BAF73000F594B /* RMAPICacheManager.swift in Sources */,
				84AFDC65298BB50E000F594B /* RMEpisodeDetailViewViewModel.swift in Sources */,
				840F33222988CE1F00A1C689 /* RMCharacterDetailView.swift in Sources */,
			);
			runOnlyForDeploymentPostprocessing = 0;
		};
/* End PBXSourcesBuildPhase section */

/* Begin PBXVariantGroup section */
		840F32E329875F4100A1C689 /* LaunchScreen.storyboard */ = {
			isa = PBXVariantGroup;
			children = (
				840F32E429875F4100A1C689 /* Base */,
			);
			name = LaunchScreen.storyboard;
			sourceTree = "<group>";
		};
/* End PBXVariantGroup section */

/* Begin XCBuildConfiguration section */
		840F32E729875F4100A1C689 /* Debug */ = {
			isa = XCBuildConfiguration;
			buildSettings = {
				ALWAYS_SEARCH_USER_PATHS = NO;
				CLANG_ANALYZER_NONNULL = YES;
				CLANG_ANALYZER_NUMBER_OBJECT_CONVERSION = YES_AGGRESSIVE;
				CLANG_CXX_LANGUAGE_STANDARD = "gnu++20";
				CLANG_ENABLE_MODULES = YES;
				CLANG_ENABLE_OBJC_ARC = YES;
				CLANG_ENABLE_OBJC_WEAK = YES;
				CLANG_WARN_BLOCK_CAPTURE_AUTORELEASING = YES;
				CLANG_WARN_BOOL_CONVERSION = YES;
				CLANG_WARN_COMMA = YES;
				CLANG_WARN_CONSTANT_CONVERSION = YES;
				CLANG_WARN_DEPRECATED_OBJC_IMPLEMENTATIONS = YES;
				CLANG_WARN_DIRECT_OBJC_ISA_USAGE = YES_ERROR;
				CLANG_WARN_DOCUMENTATION_COMMENTS = YES;
				CLANG_WARN_EMPTY_BODY = YES;
				CLANG_WARN_ENUM_CONVERSION = YES;
				CLANG_WARN_INFINITE_RECURSION = YES;
				CLANG_WARN_INT_CONVERSION = YES;
				CLANG_WARN_NON_LITERAL_NULL_CONVERSION = YES;
				CLANG_WARN_OBJC_IMPLICIT_RETAIN_SELF = YES;
				CLANG_WARN_OBJC_LITERAL_CONVERSION = YES;
				CLANG_WARN_OBJC_ROOT_CLASS = YES_ERROR;
				CLANG_WARN_QUOTED_INCLUDE_IN_FRAMEWORK_HEADER = YES;
				CLANG_WARN_RANGE_LOOP_ANALYSIS = YES;
				CLANG_WARN_STRICT_PROTOTYPES = YES;
				CLANG_WARN_SUSPICIOUS_MOVE = YES;
				CLANG_WARN_UNGUARDED_AVAILABILITY = YES_AGGRESSIVE;
				CLANG_WARN_UNREACHABLE_CODE = YES;
				CLANG_WARN__DUPLICATE_METHOD_MATCH = YES;
				COPY_PHASE_STRIP = NO;
				DEBUG_INFORMATION_FORMAT = dwarf;
				ENABLE_STRICT_OBJC_MSGSEND = YES;
				ENABLE_TESTABILITY = YES;
				GCC_C_LANGUAGE_STANDARD = gnu11;
				GCC_DYNAMIC_NO_PIC = NO;
				GCC_NO_COMMON_BLOCKS = YES;
				GCC_OPTIMIZATION_LEVEL = 0;
				GCC_PREPROCESSOR_DEFINITIONS = (
					"DEBUG=1",
					"$(inherited)",
				);
				GCC_WARN_64_TO_32_BIT_CONVERSION = YES;
				GCC_WARN_ABOUT_RETURN_TYPE = YES_ERROR;
				GCC_WARN_UNDECLARED_SELECTOR = YES;
				GCC_WARN_UNINITIALIZED_AUTOS = YES_AGGRESSIVE;
				GCC_WARN_UNUSED_FUNCTION = YES;
				GCC_WARN_UNUSED_VARIABLE = YES;
				IPHONEOS_DEPLOYMENT_TARGET = 16.2;
				MTL_ENABLE_DEBUG_INFO = INCLUDE_SOURCE;
				MTL_FAST_MATH = YES;
				ONLY_ACTIVE_ARCH = YES;
				SDKROOT = iphoneos;
				SWIFT_ACTIVE_COMPILATION_CONDITIONS = DEBUG;
				SWIFT_OPTIMIZATION_LEVEL = "-Onone";
			};
			name = Debug;
		};
		840F32E829875F4100A1C689 /* Release */ = {
			isa = XCBuildConfiguration;
			buildSettings = {
				ALWAYS_SEARCH_USER_PATHS = NO;
				CLANG_ANALYZER_NONNULL = YES;
				CLANG_ANALYZER_NUMBER_OBJECT_CONVERSION = YES_AGGRESSIVE;
				CLANG_CXX_LANGUAGE_STANDARD = "gnu++20";
				CLANG_ENABLE_MODULES = YES;
				CLANG_ENABLE_OBJC_ARC = YES;
				CLANG_ENABLE_OBJC_WEAK = YES;
				CLANG_WARN_BLOCK_CAPTURE_AUTORELEASING = YES;
				CLANG_WARN_BOOL_CONVERSION = YES;
				CLANG_WARN_COMMA = YES;
				CLANG_WARN_CONSTANT_CONVERSION = YES;
				CLANG_WARN_DEPRECATED_OBJC_IMPLEMENTATIONS = YES;
				CLANG_WARN_DIRECT_OBJC_ISA_USAGE = YES_ERROR;
				CLANG_WARN_DOCUMENTATION_COMMENTS = YES;
				CLANG_WARN_EMPTY_BODY = YES;
				CLANG_WARN_ENUM_CONVERSION = YES;
				CLANG_WARN_INFINITE_RECURSION = YES;
				CLANG_WARN_INT_CONVERSION = YES;
				CLANG_WARN_NON_LITERAL_NULL_CONVERSION = YES;
				CLANG_WARN_OBJC_IMPLICIT_RETAIN_SELF = YES;
				CLANG_WARN_OBJC_LITERAL_CONVERSION = YES;
				CLANG_WARN_OBJC_ROOT_CLASS = YES_ERROR;
				CLANG_WARN_QUOTED_INCLUDE_IN_FRAMEWORK_HEADER = YES;
				CLANG_WARN_RANGE_LOOP_ANALYSIS = YES;
				CLANG_WARN_STRICT_PROTOTYPES = YES;
				CLANG_WARN_SUSPICIOUS_MOVE = YES;
				CLANG_WARN_UNGUARDED_AVAILABILITY = YES_AGGRESSIVE;
				CLANG_WARN_UNREACHABLE_CODE = YES;
				CLANG_WARN__DUPLICATE_METHOD_MATCH = YES;
				COPY_PHASE_STRIP = NO;
				DEBUG_INFORMATION_FORMAT = "dwarf-with-dsym";
				ENABLE_NS_ASSERTIONS = NO;
				ENABLE_STRICT_OBJC_MSGSEND = YES;
				GCC_C_LANGUAGE_STANDARD = gnu11;
				GCC_NO_COMMON_BLOCKS = YES;
				GCC_WARN_64_TO_32_BIT_CONVERSION = YES;
				GCC_WARN_ABOUT_RETURN_TYPE = YES_ERROR;
				GCC_WARN_UNDECLARED_SELECTOR = YES;
				GCC_WARN_UNINITIALIZED_AUTOS = YES_AGGRESSIVE;
				GCC_WARN_UNUSED_FUNCTION = YES;
				GCC_WARN_UNUSED_VARIABLE = YES;
				IPHONEOS_DEPLOYMENT_TARGET = 16.2;
				MTL_ENABLE_DEBUG_INFO = NO;
				MTL_FAST_MATH = YES;
				SDKROOT = iphoneos;
				SWIFT_COMPILATION_MODE = wholemodule;
				SWIFT_OPTIMIZATION_LEVEL = "-O";
				VALIDATE_PRODUCT = YES;
			};
			name = Release;
		};
		840F32EA29875F4100A1C689 /* Debug */ = {
			isa = XCBuildConfiguration;
			buildSettings = {
				ASSETCATALOG_COMPILER_APPICON_NAME = AppIcon;
				ASSETCATALOG_COMPILER_GLOBAL_ACCENT_COLOR_NAME = AccentColor;
				CODE_SIGN_STYLE = Automatic;
				CURRENT_PROJECT_VERSION = 1;
				DEVELOPMENT_TEAM = L986574MQT;
				GENERATE_INFOPLIST_FILE = YES;
				INFOPLIST_FILE = RickAndMorty/Info.plist;
				INFOPLIST_KEY_UIApplicationSupportsIndirectInputEvents = YES;
				INFOPLIST_KEY_UILaunchStoryboardName = LaunchScreen;
				INFOPLIST_KEY_UISupportedInterfaceOrientations_iPad = "UIInterfaceOrientationPortrait UIInterfaceOrientationPortraitUpsideDown UIInterfaceOrientationLandscapeLeft UIInterfaceOrientationLandscapeRight";
				INFOPLIST_KEY_UISupportedInterfaceOrientations_iPhone = "UIInterfaceOrientationPortrait UIInterfaceOrientationLandscapeLeft UIInterfaceOrientationLandscapeRight";
				LD_RUNPATH_SEARCH_PATHS = (
					"$(inherited)",
					"@executable_path/Frameworks",
				);
				MARKETING_VERSION = 1.0;
				PRODUCT_BUNDLE_IDENTIFIER = VietChatKpz.RickAndMorty;
				PRODUCT_NAME = "$(TARGET_NAME)";
				SWIFT_EMIT_LOC_STRINGS = YES;
				SWIFT_VERSION = 5.0;
				TARGETED_DEVICE_FAMILY = "1,2";
			};
			name = Debug;
		};
		840F32EB29875F4100A1C689 /* Release */ = {
			isa = XCBuildConfiguration;
			buildSettings = {
				ASSETCATALOG_COMPILER_APPICON_NAME = AppIcon;
				ASSETCATALOG_COMPILER_GLOBAL_ACCENT_COLOR_NAME = AccentColor;
				CODE_SIGN_STYLE = Automatic;
				CURRENT_PROJECT_VERSION = 1;
				DEVELOPMENT_TEAM = L986574MQT;
				GENERATE_INFOPLIST_FILE = YES;
				INFOPLIST_FILE = RickAndMorty/Info.plist;
				INFOPLIST_KEY_UIApplicationSupportsIndirectInputEvents = YES;
				INFOPLIST_KEY_UILaunchStoryboardName = LaunchScreen;
				INFOPLIST_KEY_UISupportedInterfaceOrientations_iPad = "UIInterfaceOrientationPortrait UIInterfaceOrientationPortraitUpsideDown UIInterfaceOrientationLandscapeLeft UIInterfaceOrientationLandscapeRight";
				INFOPLIST_KEY_UISupportedInterfaceOrientations_iPhone = "UIInterfaceOrientationPortrait UIInterfaceOrientationLandscapeLeft UIInterfaceOrientationLandscapeRight";
				LD_RUNPATH_SEARCH_PATHS = (
					"$(inherited)",
					"@executable_path/Frameworks",
				);
				MARKETING_VERSION = 1.0;
				PRODUCT_BUNDLE_IDENTIFIER = VietChatKpz.RickAndMorty;
				PRODUCT_NAME = "$(TARGET_NAME)";
				SWIFT_EMIT_LOC_STRINGS = YES;
				SWIFT_VERSION = 5.0;
				TARGETED_DEVICE_FAMILY = "1,2";
			};
			name = Release;
		};
/* End XCBuildConfiguration section */

/* Begin XCConfigurationList section */
		840F32D029875F3E00A1C689 /* Build configuration list for PBXProject "RickAndMorty" */ = {
			isa = XCConfigurationList;
			buildConfigurations = (
				840F32E729875F4100A1C689 /* Debug */,
				840F32E829875F4100A1C689 /* Release */,
			);
			defaultConfigurationIsVisible = 0;
			defaultConfigurationName = Release;
		};
		840F32E929875F4100A1C689 /* Build configuration list for PBXNativeTarget "RickAndMorty" */ = {
			isa = XCConfigurationList;
			buildConfigurations = (
				840F32EA29875F4100A1C689 /* Debug */,
				840F32EB29875F4100A1C689 /* Release */,
			);
			defaultConfigurationIsVisible = 0;
			defaultConfigurationName = Release;
		};
/* End XCConfigurationList section */
	};
	rootObject = 840F32CD29875F3E00A1C689 /* Project object */;
}
