// !$*UTF8*$!
{
	archiveVersion = 1;
	classes = {
	};
	objectVersion = 56;
	objects = {

/* Begin PBXBuildFile section */
		840F32D929875F3E00A1C689 /* AppDelegate.swift in Sources */ = {isa = PBXBuildFile; fileRef = 840F32D829875F3E00A1C689 /* AppDelegate.swift */; };
		840F32DB29875F3E00A1C689 /* SceneDelegate.swift in Sources */ = {isa = PBXBuildFile; fileRef = 840F32DA29875F3E00A1C689 /* SceneDelegate.swift */; };
		840F32DD29875F3F00A1C689 /* RMTabViewController.swift in Sources */ = {isa = PBXBuildFile; fileRef = 840F32DC29875F3E00A1C689 /* RMTabViewController.swift */; };
		840F32E229875F4100A1C689 /* Assets.xcassets in Resources */ = {isa = PBXBuildFile; fileRef = 840F32E129875F4100A1C689 /* Assets.xcassets */; };
		840F32E529875F4100A1C689 /* LaunchScreen.storyboard in Resources */ = {isa = PBXBuildFile; fileRef = 840F32E329875F4100A1C689 /* LaunchScreen.storyboard */; };
		840F32F42987665A00A1C689 /* RMLocation.swift in Sources */ = {isa = PBXBuildFile; fileRef = 840F32F32987665A00A1C689 /* RMLocation.swift */; };
		840F32F62987668000A1C689 /* RMCharacter.swift in Sources */ = {isa = PBXBuildFile; fileRef = 840F32F52987668000A1C689 /* RMCharacter.swift */; };
		840F32F82987669300A1C689 /* RMEpisode.swift in Sources */ = {isa = PBXBuildFile; fileRef = 840F32F72987669300A1C689 /* RMEpisode.swift */; };
		840F32FB2987679600A1C689 /* RMCharacterViewController.swift in Sources */ = {isa = PBXBuildFile; fileRef = 840F32FA2987679600A1C689 /* RMCharacterViewController.swift */; };
		840F32FD298767A200A1C689 /* RMLocationViewController.swift in Sources */ = {isa = PBXBuildFile; fileRef = 840F32FC298767A200A1C689 /* RMLocationViewController.swift */; };
		840F32FF298767B400A1C689 /* RMEpisodeViewController.swift in Sources */ = {isa = PBXBuildFile; fileRef = 840F32FE298767B400A1C689 /* RMEpisodeViewController.swift */; };
		840F3301298767C100A1C689 /* RMSettingsViewController.swift in Sources */ = {isa = PBXBuildFile; fileRef = 840F3300298767C100A1C689 /* RMSettingsViewController.swift */; };
		840F33032987759D00A1C689 /* RMService.swift in Sources */ = {isa = PBXBuildFile; fileRef = 840F33022987759D00A1C689 /* RMService.swift */; };
		840F3305298775BC00A1C689 /* RMRequest.swift in Sources */ = {isa = PBXBuildFile; fileRef = 840F3304298775BC00A1C689 /* RMRequest.swift */; };
		840F33072987773500A1C689 /* RMEndpoint.swift in Sources */ = {isa = PBXBuildFile; fileRef = 840F33062987773500A1C689 /* RMEndpoint.swift */; };
/* End PBXBuildFile section */

/* Begin PBXFileReference section */
		840F32D529875F3E00A1C689 /* RickAndMorty.app */ = {isa = PBXFileReference; explicitFileType = wrapper.application; includeInIndex = 0; path = RickAndMorty.app; sourceTree = BUILT_PRODUCTS_DIR; };
		840F32D829875F3E00A1C689 /* AppDelegate.swift */ = {isa = PBXFileReference; lastKnownFileType = sourcecode.swift; path = AppDelegate.swift; sourceTree = "<group>"; };
		840F32DA29875F3E00A1C689 /* SceneDelegate.swift */ = {isa = PBXFileReference; lastKnownFileType = sourcecode.swift; path = SceneDelegate.swift; sourceTree = "<group>"; };
		840F32DC29875F3E00A1C689 /* RMTabViewController.swift */ = {isa = PBXFileReference; lastKnownFileType = sourcecode.swift; path = RMTabViewController.swift; sourceTree = "<group>"; };
		840F32E129875F4100A1C689 /* Assets.xcassets */ = {isa = PBXFileReference; lastKnownFileType = folder.assetcatalog; path = Assets.xcassets; sourceTree = "<group>"; };
		840F32E429875F4100A1C689 /* Base */ = {isa = PBXFileReference; lastKnownFileType = file.storyboard; name = Base; path = Base.lproj/LaunchScreen.storyboard; sourceTree = "<group>"; };
		840F32E629875F4100A1C689 /* Info.plist */ = {isa = PBXFileReference; lastKnownFileType = text.plist.xml; path = Info.plist; sourceTree = "<group>"; };
		840F32F32987665A00A1C689 /* RMLocation.swift */ = {isa = PBXFileReference; lastKnownFileType = sourcecode.swift; path = RMLocation.swift; sourceTree = "<group>"; };
		840F32F52987668000A1C689 /* RMCharacter.swift */ = {isa = PBXFileReference; lastKnownFileType = sourcecode.swift; path = RMCharacter.swift; sourceTree = "<group>"; };
		840F32F72987669300A1C689 /* RMEpisode.swift */ = {isa = PBXFileReference; lastKnownFileType = sourcecode.swift; path = RMEpisode.swift; sourceTree = "<group>"; };
		840F32FA2987679600A1C689 /* RMCharacterViewController.swift */ = {isa = PBXFileReference; lastKnownFileType = sourcecode.swift; path = RMCharacterViewController.swift; sourceTree = "<group>"; };
		840F32FC298767A200A1C689 /* RMLocationViewController.swift */ = {isa = PBXFileReference; lastKnownFileType = sourcecode.swift; path = RMLocationViewController.swift; sourceTree = "<group>"; };
		840F32FE298767B400A1C689 /* RMEpisodeViewController.swift */ = {isa = PBXFileReference; lastKnownFileType = sourcecode.swift; path = RMEpisodeViewController.swift; sourceTree = "<group>"; };
		840F3300298767C100A1C689 /* RMSettingsViewController.swift */ = {isa = PBXFileReference; lastKnownFileType = sourcecode.swift; path = RMSettingsViewController.swift; sourceTree = "<group>"; };
		840F33022987759D00A1C689 /* RMService.swift */ = {isa = PBXFileReference; lastKnownFileType = sourcecode.swift; path = RMService.swift; sourceTree = "<group>"; };
		840F3304298775BC00A1C689 /* RMRequest.swift */ = {isa = PBXFileReference; lastKnownFileType = sourcecode.swift; path = RMRequest.swift; sourceTree = "<group>"; };
		840F33062987773500A1C689 /* RMEndpoint.swift */ = {isa = PBXFileReference; lastKnownFileType = sourcecode.swift; path = RMEndpoint.swift; sourceTree = "<group>"; };
/* End PBXFileReference section */

/* Begin PBXFrameworksBuildPhase section */
		840F32D229875F3E00A1C689 /* Frameworks */ = {
			isa = PBXFrameworksBuildPhase;
			buildActionMask = 2147483647;
			files = (
			);
			runOnlyForDeploymentPostprocessing = 0;
		};
/* End PBXFrameworksBuildPhase section */

/* Begin PBXGroup section */
		840F32CC29875F3E00A1C689 = {
			isa = PBXGroup;
			children = (
				840F32D729875F3E00A1C689 /* RickAndMorty */,
				840F32D629875F3E00A1C689 /* Products */,
			);
			sourceTree = "<group>";
		};
		840F32D629875F3E00A1C689 /* Products */ = {
			isa = PBXGroup;
			children = (
				840F32D529875F3E00A1C689 /* RickAndMorty.app */,
			);
			name = Products;
			sourceTree = "<group>";
		};
		840F32D729875F3E00A1C689 /* RickAndMorty */ = {
			isa = PBXGroup;
			children = (
				840F32F2298765D100A1C689 /* APIClient */,
				840F32F1298765BE00A1C689 /* Resources */,
				840F32F0298765A800A1C689 /* Managers */,
				840F32EF298764EC00A1C689 /* Controllers */,
				840F32EE298764E400A1C689 /* Models */,
				840F32ED298764DF00A1C689 /* Views */,
				840F32EC298764D300A1C689 /* ViewModels */,
				840F32E629875F4100A1C689 /* Info.plist */,
			);
			path = RickAndMorty;
			sourceTree = "<group>";
		};
		840F32EC298764D300A1C689 /* ViewModels */ = {
			isa = PBXGroup;
			children = (
			);
			path = ViewModels;
			sourceTree = "<group>";
		};
		840F32ED298764DF00A1C689 /* Views */ = {
			isa = PBXGroup;
			children = (
			);
			path = Views;
			sourceTree = "<group>";
		};
		840F32EE298764E400A1C689 /* Models */ = {
			isa = PBXGroup;
			children = (
				840F32F32987665A00A1C689 /* RMLocation.swift */,
				840F32F52987668000A1C689 /* RMCharacter.swift */,
				840F32F72987669300A1C689 /* RMEpisode.swift */,
			);
			path = Models;
			sourceTree = "<group>";
		};
		840F32EF298764EC00A1C689 /* Controllers */ = {
			isa = PBXGroup;
			children = (
				840F32F92987675200A1C689 /* Core */,
			);
			path = Controllers;
			sourceTree = "<group>";
		};
		840F32F0298765A800A1C689 /* Managers */ = {
			isa = PBXGroup;
			children = (
			);
			path = Managers;
			sourceTree = "<group>";
		};
		840F32F1298765BE00A1C689 /* Resources */ = {
			isa = PBXGroup;
			children = (
				840F32E129875F4100A1C689 /* Assets.xcassets */,
				840F32E329875F4100A1C689 /* LaunchScreen.storyboard */,
				840F32D829875F3E00A1C689 /* AppDelegate.swift */,
				840F32DA29875F3E00A1C689 /* SceneDelegate.swift */,
			);
			path = Resources;
			sourceTree = "<group>";
		};
		840F32F2298765D100A1C689 /* APIClient */ = {
			isa = PBXGroup;
			children = (
				840F33022987759D00A1C689 /* RMService.swift */,
				840F3304298775BC00A1C689 /* RMRequest.swift */,
				840F33062987773500A1C689 /* RMEndpoint.swift */,
			);
			path = APIClient;
			sourceTree = "<group>";
		};
		840F32F92987675200A1C689 /* Core */ = {
			isa = PBXGroup;
			children = (
				840F32DC29875F3E00A1C689 /* RMTabViewController.swift */,
				840F32FA2987679600A1C689 /* RMCharacterViewController.swift */,
				840F32FC298767A200A1C689 /* RMLocationViewController.swift */,
				840F32FE298767B400A1C689 /* RMEpisodeViewController.swift */,
				840F3300298767C100A1C689 /* RMSettingsViewController.swift */,
			);
			path = Core;
			sourceTree = "<group>";
		};
/* End PBXGroup section */

/* Begin PBXNativeTarget section */
		840F32D429875F3E00A1C689 /* RickAndMorty */ = {
			isa = PBXNativeTarget;
			buildConfigurationList = 840F32E929875F4100A1C689 /* Build configuration list for PBXNativeTarget "RickAndMorty" */;
			buildPhases = (
				840F32D129875F3E00A1C689 /* Sources */,
				840F32D229875F3E00A1C689 /* Frameworks */,
				840F32D329875F3E00A1C689 /* Resources */,
			);
			buildRules = (
			);
			dependencies = (
			);
			name = RickAndMorty;
			productName = RickAndMorty;
			productReference = 840F32D529875F3E00A1C689 /* RickAndMorty.app */;
			productType = "com.apple.product-type.application";
		};
/* End PBXNativeTarget section */

/* Begin PBXProject section */
		840F32CD29875F3E00A1C689 /* Project object */ = {
			isa = PBXProject;
			attributes = {
				BuildIndependentTargetsInParallel = 1;
				LastSwiftUpdateCheck = 1420;
				LastUpgradeCheck = 1420;
				TargetAttributes = {
					840F32D429875F3E00A1C689 = {
						CreatedOnToolsVersion = 14.2;
					};
				};
			};
			buildConfigurationList = 840F32D029875F3E00A1C689 /* Build configuration list for PBXProject "RickAndMorty" */;
			compatibilityVersion = "Xcode 14.0";
			developmentRegion = en;
			hasScannedForEncodings = 0;
			knownRegions = (
				en,
				Base,
			);
			mainGroup = 840F32CC29875F3E00A1C689;
			productRefGroup = 840F32D629875F3E00A1C689 /* Products */;
			projectDirPath = "";
			projectRoot = "";
			targets = (
				840F32D429875F3E00A1C689 /* RickAndMorty */,
			);
		};
/* End PBXProject section */

/* Begin PBXResourcesBuildPhase section */
		840F32D329875F3E00A1C689 /* Resources */ = {
			isa = PBXResourcesBuildPhase;
			buildActionMask = 2147483647;
			files = (
				840F32E529875F4100A1C689 /* LaunchScreen.storyboard in Resources */,
				840F32E229875F4100A1C689 /* Assets.xcassets in Resources */,
			);
			runOnlyForDeploymentPostprocessing = 0;
		};
/* End PBXResourcesBuildPhase section */

/* Begin PBXSourcesBuildPhase section */
		840F32D129875F3E00A1C689 /* Sources */ = {
			isa = PBXSourcesBuildPhase;
			buildActionMask = 2147483647;
			files = (
				840F32FD298767A200A1C689 /* RMLocationViewController.swift in Sources */,
				840F32F82987669300A1C689 /* RMEpisode.swift in Sources */,
				840F32DD29875F3F00A1C689 /* RMTabViewController.swift in Sources */,
				840F32FF298767B400A1C689 /* RMEpisodeViewController.swift in Sources */,
				840F32D929875F3E00A1C689 /* AppDelegate.swift in Sources */,
				840F32DB29875F3E00A1C689 /* SceneDelegate.swift in Sources */,
				840F3301298767C100A1C689 /* RMSettingsViewController.swift in Sources */,
				840F33032987759D00A1C689 /* RMService.swift in Sources */,
				840F32F42987665A00A1C689 /* RMLocation.swift in Sources */,
				840F33072987773500A1C689 /* RMEndpoint.swift in Sources */,
				840F32F62987668000A1C689 /* RMCharacter.swift in Sources */,
				840F3305298775BC00A1C689 /* RMRequest.swift in Sources */,
				840F32FB2987679600A1C689 /* RMCharacterViewController.swift in Sources */,
			);
			runOnlyForDeploymentPostprocessing = 0;
		};
/* End PBXSourcesBuildPhase section */

/* Begin PBXVariantGroup section */
		840F32E329875F4100A1C689 /* LaunchScreen.storyboard */ = {
			isa = PBXVariantGroup;
			children = (
				840F32E429875F4100A1C689 /* Base */,
			);
			name = LaunchScreen.storyboard;
			sourceTree = "<group>";
		};
/* End PBXVariantGroup section */

/* Begin XCBuildConfiguration section */
		840F32E729875F4100A1C689 /* Debug */ = {
			isa = XCBuildConfiguration;
			buildSettings = {
				ALWAYS_SEARCH_USER_PATHS = NO;
				CLANG_ANALYZER_NONNULL = YES;
				CLANG_ANALYZER_NUMBER_OBJECT_CONVERSION = YES_AGGRESSIVE;
				CLANG_CXX_LANGUAGE_STANDARD = "gnu++20";
				CLANG_ENABLE_MODULES = YES;
				CLANG_ENABLE_OBJC_ARC = YES;
				CLANG_ENABLE_OBJC_WEAK = YES;
				CLANG_WARN_BLOCK_CAPTURE_AUTORELEASING = YES;
				CLANG_WARN_BOOL_CONVERSION = YES;
				CLANG_WARN_COMMA = YES;
				CLANG_WARN_CONSTANT_CONVERSION = YES;
				CLANG_WARN_DEPRECATED_OBJC_IMPLEMENTATIONS = YES;
				CLANG_WARN_DIRECT_OBJC_ISA_USAGE = YES_ERROR;
				CLANG_WARN_DOCUMENTATION_COMMENTS = YES;
				CLANG_WARN_EMPTY_BODY = YES;
				CLANG_WARN_ENUM_CONVERSION = YES;
				CLANG_WARN_INFINITE_RECURSION = YES;
				CLANG_WARN_INT_CONVERSION = YES;
				CLANG_WARN_NON_LITERAL_NULL_CONVERSION = YES;
				CLANG_WARN_OBJC_IMPLICIT_RETAIN_SELF = YES;
				CLANG_WARN_OBJC_LITERAL_CONVERSION = YES;
				CLANG_WARN_OBJC_ROOT_CLASS = YES_ERROR;
				CLANG_WARN_QUOTED_INCLUDE_IN_FRAMEWORK_HEADER = YES;
				CLANG_WARN_RANGE_LOOP_ANALYSIS = YES;
				CLANG_WARN_STRICT_PROTOTYPES = YES;
				CLANG_WARN_SUSPICIOUS_MOVE = YES;
				CLANG_WARN_UNGUARDED_AVAILABILITY = YES_AGGRESSIVE;
				CLANG_WARN_UNREACHABLE_CODE = YES;
				CLANG_WARN__DUPLICATE_METHOD_MATCH = YES;
				COPY_PHASE_STRIP = NO;
				DEBUG_INFORMATION_FORMAT = dwarf;
				ENABLE_STRICT_OBJC_MSGSEND = YES;
				ENABLE_TESTABILITY = YES;
				GCC_C_LANGUAGE_STANDARD = gnu11;
				GCC_DYNAMIC_NO_PIC = NO;
				GCC_NO_COMMON_BLOCKS = YES;
				GCC_OPTIMIZATION_LEVEL = 0;
				GCC_PREPROCESSOR_DEFINITIONS = (
					"DEBUG=1",
					"$(inherited)",
				);
				GCC_WARN_64_TO_32_BIT_CONVERSION = YES;
				GCC_WARN_ABOUT_RETURN_TYPE = YES_ERROR;
				GCC_WARN_UNDECLARED_SELECTOR = YES;
				GCC_WARN_UNINITIALIZED_AUTOS = YES_AGGRESSIVE;
				GCC_WARN_UNUSED_FUNCTION = YES;
				GCC_WARN_UNUSED_VARIABLE = YES;
				IPHONEOS_DEPLOYMENT_TARGET = 16.2;
				MTL_ENABLE_DEBUG_INFO = INCLUDE_SOURCE;
				MTL_FAST_MATH = YES;
				ONLY_ACTIVE_ARCH = YES;
				SDKROOT = iphoneos;
				SWIFT_ACTIVE_COMPILATION_CONDITIONS = DEBUG;
				SWIFT_OPTIMIZATION_LEVEL = "-Onone";
			};
			name = Debug;
		};
		840F32E829875F4100A1C689 /* Release */ = {
			isa = XCBuildConfiguration;
			buildSettings = {
				ALWAYS_SEARCH_USER_PATHS = NO;
				CLANG_ANALYZER_NONNULL = YES;
				CLANG_ANALYZER_NUMBER_OBJECT_CONVERSION = YES_AGGRESSIVE;
				CLANG_CXX_LANGUAGE_STANDARD = "gnu++20";
				CLANG_ENABLE_MODULES = YES;
				CLANG_ENABLE_OBJC_ARC = YES;
				CLANG_ENABLE_OBJC_WEAK = YES;
				CLANG_WARN_BLOCK_CAPTURE_AUTORELEASING = YES;
				CLANG_WARN_BOOL_CONVERSION = YES;
				CLANG_WARN_COMMA = YES;
				CLANG_WARN_CONSTANT_CONVERSION = YES;
				CLANG_WARN_DEPRECATED_OBJC_IMPLEMENTATIONS = YES;
				CLANG_WARN_DIRECT_OBJC_ISA_USAGE = YES_ERROR;
				CLANG_WARN_DOCUMENTATION_COMMENTS = YES;
				CLANG_WARN_EMPTY_BODY = YES;
				CLANG_WARN_ENUM_CONVERSION = YES;
				CLANG_WARN_INFINITE_RECURSION = YES;
				CLANG_WARN_INT_CONVERSION = YES;
				CLANG_WARN_NON_LITERAL_NULL_CONVERSION = YES;
				CLANG_WARN_OBJC_IMPLICIT_RETAIN_SELF = YES;
				CLANG_WARN_OBJC_LITERAL_CONVERSION = YES;
				CLANG_WARN_OBJC_ROOT_CLASS = YES_ERROR;
				CLANG_WARN_QUOTED_INCLUDE_IN_FRAMEWORK_HEADER = YES;
				CLANG_WARN_RANGE_LOOP_ANALYSIS = YES;
				CLANG_WARN_STRICT_PROTOTYPES = YES;
				CLANG_WARN_SUSPICIOUS_MOVE = YES;
				CLANG_WARN_UNGUARDED_AVAILABILITY = YES_AGGRESSIVE;
				CLANG_WARN_UNREACHABLE_CODE = YES;
				CLANG_WARN__DUPLICATE_METHOD_MATCH = YES;
				COPY_PHASE_STRIP = NO;
				DEBUG_INFORMATION_FORMAT = "dwarf-with-dsym";
				ENABLE_NS_ASSERTIONS = NO;
				ENABLE_STRICT_OBJC_MSGSEND = YES;
				GCC_C_LANGUAGE_STANDARD = gnu11;
				GCC_NO_COMMON_BLOCKS = YES;
				GCC_WARN_64_TO_32_BIT_CONVERSION = YES;
				GCC_WARN_ABOUT_RETURN_TYPE = YES_ERROR;
				GCC_WARN_UNDECLARED_SELECTOR = YES;
				GCC_WARN_UNINITIALIZED_AUTOS = YES_AGGRESSIVE;
				GCC_WARN_UNUSED_FUNCTION = YES;
				GCC_WARN_UNUSED_VARIABLE = YES;
				IPHONEOS_DEPLOYMENT_TARGET = 16.2;
				MTL_ENABLE_DEBUG_INFO = NO;
				MTL_FAST_MATH = YES;
				SDKROOT = iphoneos;
				SWIFT_COMPILATION_MODE = wholemodule;
				SWIFT_OPTIMIZATION_LEVEL = "-O";
				VALIDATE_PRODUCT = YES;
			};
			name = Release;
		};
		840F32EA29875F4100A1C689 /* Debug */ = {
			isa = XCBuildConfiguration;
			buildSettings = {
				ASSETCATALOG_COMPILER_APPICON_NAME = AppIcon;
				ASSETCATALOG_COMPILER_GLOBAL_ACCENT_COLOR_NAME = AccentColor;
				CODE_SIGN_STYLE = Automatic;
				CURRENT_PROJECT_VERSION = 1;
				DEVELOPMENT_TEAM = L986574MQT;
				GENERATE_INFOPLIST_FILE = YES;
				INFOPLIST_FILE = RickAndMorty/Info.plist;
				INFOPLIST_KEY_UIApplicationSupportsIndirectInputEvents = YES;
				INFOPLIST_KEY_UILaunchStoryboardName = LaunchScreen;
				INFOPLIST_KEY_UISupportedInterfaceOrientations_iPad = "UIInterfaceOrientationPortrait UIInterfaceOrientationPortraitUpsideDown UIInterfaceOrientationLandscapeLeft UIInterfaceOrientationLandscapeRight";
				INFOPLIST_KEY_UISupportedInterfaceOrientations_iPhone = "UIInterfaceOrientationPortrait UIInterfaceOrientationLandscapeLeft UIInterfaceOrientationLandscapeRight";
				LD_RUNPATH_SEARCH_PATHS = (
					"$(inherited)",
					"@executable_path/Frameworks",
				);
				MARKETING_VERSION = 1.0;
				PRODUCT_BUNDLE_IDENTIFIER = VietChatKpz.RickAndMorty;
				PRODUCT_NAME = "$(TARGET_NAME)";
				SWIFT_EMIT_LOC_STRINGS = YES;
				SWIFT_VERSION = 5.0;
				TARGETED_DEVICE_FAMILY = "1,2";
			};
			name = Debug;
		};
		840F32EB29875F4100A1C689 /* Release */ = {
			isa = XCBuildConfiguration;
			buildSettings = {
				ASSETCATALOG_COMPILER_APPICON_NAME = AppIcon;
				ASSETCATALOG_COMPILER_GLOBAL_ACCENT_COLOR_NAME = AccentColor;
				CODE_SIGN_STYLE = Automatic;
				CURRENT_PROJECT_VERSION = 1;
				DEVELOPMENT_TEAM = L986574MQT;
				GENERATE_INFOPLIST_FILE = YES;
				INFOPLIST_FILE = RickAndMorty/Info.plist;
				INFOPLIST_KEY_UIApplicationSupportsIndirectInputEvents = YES;
				INFOPLIST_KEY_UILaunchStoryboardName = LaunchScreen;
				INFOPLIST_KEY_UISupportedInterfaceOrientations_iPad = "UIInterfaceOrientationPortrait UIInterfaceOrientationPortraitUpsideDown UIInterfaceOrientationLandscapeLeft UIInterfaceOrientationLandscapeRight";
				INFOPLIST_KEY_UISupportedInterfaceOrientations_iPhone = "UIInterfaceOrientationPortrait UIInterfaceOrientationLandscapeLeft UIInterfaceOrientationLandscapeRight";
				LD_RUNPATH_SEARCH_PATHS = (
					"$(inherited)",
					"@executable_path/Frameworks",
				);
				MARKETING_VERSION = 1.0;
				PRODUCT_BUNDLE_IDENTIFIER = VietChatKpz.RickAndMorty;
				PRODUCT_NAME = "$(TARGET_NAME)";
				SWIFT_EMIT_LOC_STRINGS = YES;
				SWIFT_VERSION = 5.0;
				TARGETED_DEVICE_FAMILY = "1,2";
			};
			name = Release;
		};
/* End XCBuildConfiguration section */

/* Begin XCConfigurationList section */
		840F32D029875F3E00A1C689 /* Build configuration list for PBXProject "RickAndMorty" */ = {
			isa = XCConfigurationList;
			buildConfigurations = (
				840F32E729875F4100A1C689 /* Debug */,
				840F32E829875F4100A1C689 /* Release */,
			);
			defaultConfigurationIsVisible = 0;
			defaultConfigurationName = Release;
		};
		840F32E929875F4100A1C689 /* Build configuration list for PBXNativeTarget "RickAndMorty" */ = {
			isa = XCConfigurationList;
			buildConfigurations = (
				840F32EA29875F4100A1C689 /* Debug */,
				840F32EB29875F4100A1C689 /* Release */,
			);
			defaultConfigurationIsVisible = 0;
			defaultConfigurationName = Release;
		};
/* End XCConfigurationList section */
	};
	rootObject = 840F32CD29875F3E00A1C689 /* Project object */;
}
